
Microsoft Visual Studio Solution File, Format Version 12.00
# Visual Studio Version 16
VisualStudioVersion = 16.0.29519.87
MinimumVisualStudioVersion = 10.0.40219.1
Project("{FAE04EC0-301F-11D3-BF4B-00C04F79EFBC}") = "sample_balloon_WPF", "sample_balloon_WPF\sample_balloon_WPF.csproj", "{743F673D-42B0-418B-903D-62CF35F08064}"
EndProject
Global
	GlobalSection(SolutionConfigurationPlatforms) = preSolution
		Debug|Any CPU = Debug|Any CPU
		Release|Any CPU = Release|Any CPU
	EndGlobalSection
	GlobalSection(ProjectConfigurationPlatforms) = postSolution
		{743F673D-42B0-418B-903D-62CF35F08064}.Debug|Any CPU.ActiveCfg = Debug|Any CPU
		{743F673D-42B0-418B-903D-62CF35F08064}.Debug|Any CPU.Build.0 = Debug|Any CPU
		{743F673D-42B0-418B-903D-62CF35F08064}.Release|Any CPU.ActiveCfg = Release|Any CPU
		{743F673D-42B0-418B-903D-62CF35F08064}.Release|Any CPU.Build.0 = Release|Any CPU
	EndGlobalSection
	GlobalSection(SolutionProperties) = preSolution
		HideSolutionNode = FALSE
	EndGlobalSection
	GlobalSection(ExtensibilityGlobals) = postSolution
		SolutionGuid = {3C921DE8-65ED-4CFA-8EDB-5C8EA66C4F7E}
	EndGlobalSection
EndGlobal
